// !$*UTF8*$!
{
	archiveVersion = 1;
	classes = {
	};
	objectVersion = 55;
	objects = {

/* Begin PBXBuildFile section */
		26B4696628A6F147CC92481C /* Pods_AppLogictics_AppLogicticsUITests.framework in Frameworks */ = {isa = PBXBuildFile; fileRef = 374AA6C48D1424F3D79239C2 /* Pods_AppLogictics_AppLogicticsUITests.framework */; };
		9F0A2956F11B9FA2387B03DB /* Pods_AppLogictics.framework in Frameworks */ = {isa = PBXBuildFile; fileRef = 399854DEBA3354B5E50A4F83 /* Pods_AppLogictics.framework */; };
		B0D1E3779904B1BD0B5468AB /* Pods_AppLogicticsTests.framework in Frameworks */ = {isa = PBXBuildFile; fileRef = EDB93BA6900FD8E3F632C2F1 /* Pods_AppLogicticsTests.framework */; };
		FA48001B28B379B9009FCC29 /* AppDelegate.swift in Sources */ = {isa = PBXBuildFile; fileRef = FA48001A28B379B9009FCC29 /* AppDelegate.swift */; };
		FA48001D28B379B9009FCC29 /* SceneDelegate.swift in Sources */ = {isa = PBXBuildFile; fileRef = FA48001C28B379B9009FCC29 /* SceneDelegate.swift */; };
		FA48001F28B379B9009FCC29 /* ViewController.swift in Sources */ = {isa = PBXBuildFile; fileRef = FA48001E28B379B9009FCC29 /* ViewController.swift */; };
		FA48002228B379B9009FCC29 /* Main.storyboard in Resources */ = {isa = PBXBuildFile; fileRef = FA48002028B379B9009FCC29 /* Main.storyboard */; };
		FA48002428B379BB009FCC29 /* Assets.xcassets in Resources */ = {isa = PBXBuildFile; fileRef = FA48002328B379BB009FCC29 /* Assets.xcassets */; };
		FA48002728B379BB009FCC29 /* LaunchScreen.storyboard in Resources */ = {isa = PBXBuildFile; fileRef = FA48002528B379BB009FCC29 /* LaunchScreen.storyboard */; };
		FA48003228B379BB009FCC29 /* AppLogicticsTests.swift in Sources */ = {isa = PBXBuildFile; fileRef = FA48003128B379BB009FCC29 /* AppLogicticsTests.swift */; };
		FA48003C28B379BB009FCC29 /* AppLogicticsUITests.swift in Sources */ = {isa = PBXBuildFile; fileRef = FA48003B28B379BB009FCC29 /* AppLogicticsUITests.swift */; };
		FA48003E28B379BB009FCC29 /* AppLogicticsUITestsLaunchTests.swift in Sources */ = {isa = PBXBuildFile; fileRef = FA48003D28B379BB009FCC29 /* AppLogicticsUITestsLaunchTests.swift */; };
/* End PBXBuildFile section */

/* Begin PBXContainerItemProxy section */
		FA48002E28B379BB009FCC29 /* PBXContainerItemProxy */ = {
			isa = PBXContainerItemProxy;
			containerPortal = FA48000F28B379B9009FCC29 /* Project object */;
			proxyType = 1;
			remoteGlobalIDString = FA48001628B379B9009FCC29;
			remoteInfo = AppLogictics;
		};
		FA48003828B379BB009FCC29 /* PBXContainerItemProxy */ = {
			isa = PBXContainerItemProxy;
			containerPortal = FA48000F28B379B9009FCC29 /* Project object */;
			proxyType = 1;
			remoteGlobalIDString = FA48001628B379B9009FCC29;
			remoteInfo = AppLogictics;
		};
/* End PBXContainerItemProxy section */

/* Begin PBXFileReference section */
		374AA6C48D1424F3D79239C2 /* Pods_AppLogictics_AppLogicticsUITests.framework */ = {isa = PBXFileReference; explicitFileType = wrapper.framework; includeInIndex = 0; path = Pods_AppLogictics_AppLogicticsUITests.framework; sourceTree = BUILT_PRODUCTS_DIR; };
		399854DEBA3354B5E50A4F83 /* Pods_AppLogictics.framework */ = {isa = PBXFileReference; explicitFileType = wrapper.framework; includeInIndex = 0; path = Pods_AppLogictics.framework; sourceTree = BUILT_PRODUCTS_DIR; };
		7508522630EF3F55BF3458F5 /* Pods-AppLogictics-AppLogicticsUITests.release.xcconfig */ = {isa = PBXFileReference; includeInIndex = 1; lastKnownFileType = text.xcconfig; name = "Pods-AppLogictics-AppLogicticsUITests.release.xcconfig"; path = "Target Support Files/Pods-AppLogictics-AppLogicticsUITests/Pods-AppLogictics-AppLogicticsUITests.release.xcconfig"; sourceTree = "<group>"; };
		8DF0FF5890DE7CA20843F656 /* Pods-AppLogictics-AppLogicticsUITests.debug.xcconfig */ = {isa = PBXFileReference; includeInIndex = 1; lastKnownFileType = text.xcconfig; name = "Pods-AppLogictics-AppLogicticsUITests.debug.xcconfig"; path = "Target Support Files/Pods-AppLogictics-AppLogicticsUITests/Pods-AppLogictics-AppLogicticsUITests.debug.xcconfig"; sourceTree = "<group>"; };
		A0B7E9529E262819D919386C /* Pods-AppLogicticsTests.debug.xcconfig */ = {isa = PBXFileReference; includeInIndex = 1; lastKnownFileType = text.xcconfig; name = "Pods-AppLogicticsTests.debug.xcconfig"; path = "Target Support Files/Pods-AppLogicticsTests/Pods-AppLogicticsTests.debug.xcconfig"; sourceTree = "<group>"; };
		C51C83E704CE85532E72FF6D /* Pods-AppLogictics.release.xcconfig */ = {isa = PBXFileReference; includeInIndex = 1; lastKnownFileType = text.xcconfig; name = "Pods-AppLogictics.release.xcconfig"; path = "Target Support Files/Pods-AppLogictics/Pods-AppLogictics.release.xcconfig"; sourceTree = "<group>"; };
		EB0ABD401A5CE1DE04D13550 /* Pods-AppLogictics.debug.xcconfig */ = {isa = PBXFileReference; includeInIndex = 1; lastKnownFileType = text.xcconfig; name = "Pods-AppLogictics.debug.xcconfig"; path = "Target Support Files/Pods-AppLogictics/Pods-AppLogictics.debug.xcconfig"; sourceTree = "<group>"; };
		EC7FCFBD52F25CDDC1AE62E0 /* Pods-AppLogicticsTests.release.xcconfig */ = {isa = PBXFileReference; includeInIndex = 1; lastKnownFileType = text.xcconfig; name = "Pods-AppLogicticsTests.release.xcconfig"; path = "Target Support Files/Pods-AppLogicticsTests/Pods-AppLogicticsTests.release.xcconfig"; sourceTree = "<group>"; };
		EDB93BA6900FD8E3F632C2F1 /* Pods_AppLogicticsTests.framework */ = {isa = PBXFileReference; explicitFileType = wrapper.framework; includeInIndex = 0; path = Pods_AppLogicticsTests.framework; sourceTree = BUILT_PRODUCTS_DIR; };
		FA48001728B379B9009FCC29 /* AppLogictics.app */ = {isa = PBXFileReference; explicitFileType = wrapper.application; includeInIndex = 0; path = AppLogictics.app; sourceTree = BUILT_PRODUCTS_DIR; };
		FA48001A28B379B9009FCC29 /* AppDelegate.swift */ = {isa = PBXFileReference; lastKnownFileType = sourcecode.swift; path = AppDelegate.swift; sourceTree = "<group>"; };
		FA48001C28B379B9009FCC29 /* SceneDelegate.swift */ = {isa = PBXFileReference; lastKnownFileType = sourcecode.swift; path = SceneDelegate.swift; sourceTree = "<group>"; };
		FA48001E28B379B9009FCC29 /* ViewController.swift */ = {isa = PBXFileReference; lastKnownFileType = sourcecode.swift; path = ViewController.swift; sourceTree = "<group>"; };
		FA48002128B379B9009FCC29 /* Base */ = {isa = PBXFileReference; lastKnownFileType = file.storyboard; name = Base; path = Base.lproj/Main.storyboard; sourceTree = "<group>"; };
		FA48002328B379BB009FCC29 /* Assets.xcassets */ = {isa = PBXFileReference; lastKnownFileType = folder.assetcatalog; path = Assets.xcassets; sourceTree = "<group>"; };
		FA48002628B379BB009FCC29 /* Base */ = {isa = PBXFileReference; lastKnownFileType = file.storyboard; name = Base; path = Base.lproj/LaunchScreen.storyboard; sourceTree = "<group>"; };
		FA48002828B379BB009FCC29 /* Info.plist */ = {isa = PBXFileReference; lastKnownFileType = text.plist.xml; path = Info.plist; sourceTree = "<group>"; };
		FA48002D28B379BB009FCC29 /* AppLogicticsTests.xctest */ = {isa = PBXFileReference; explicitFileType = wrapper.cfbundle; includeInIndex = 0; path = AppLogicticsTests.xctest; sourceTree = BUILT_PRODUCTS_DIR; };
		FA48003128B379BB009FCC29 /* AppLogicticsTests.swift */ = {isa = PBXFileReference; lastKnownFileType = sourcecode.swift; path = AppLogicticsTests.swift; sourceTree = "<group>"; };
		FA48003728B379BB009FCC29 /* AppLogicticsUITests.xctest */ = {isa = PBXFileReference; explicitFileType = wrapper.cfbundle; includeInIndex = 0; path = AppLogicticsUITests.xctest; sourceTree = BUILT_PRODUCTS_DIR; };
		FA48003B28B379BB009FCC29 /* AppLogicticsUITests.swift */ = {isa = PBXFileReference; lastKnownFileType = sourcecode.swift; path = AppLogicticsUITests.swift; sourceTree = "<group>"; };
		FA48003D28B379BB009FCC29 /* AppLogicticsUITestsLaunchTests.swift */ = {isa = PBXFileReference; lastKnownFileType = sourcecode.swift; path = AppLogicticsUITestsLaunchTests.swift; sourceTree = "<group>"; };
/* End PBXFileReference section */

/* Begin PBXFrameworksBuildPhase section */
		FA48001428B379B9009FCC29 /* Frameworks */ = {
			isa = PBXFrameworksBuildPhase;
			buildActionMask = 2147483647;
			files = (
				9F0A2956F11B9FA2387B03DB /* Pods_AppLogictics.framework in Frameworks */,
			);
			runOnlyForDeploymentPostprocessing = 0;
		};
		FA48002A28B379BB009FCC29 /* Frameworks */ = {
			isa = PBXFrameworksBuildPhase;
			buildActionMask = 2147483647;
			files = (
				B0D1E3779904B1BD0B5468AB /* Pods_AppLogicticsTests.framework in Frameworks */,
			);
			runOnlyForDeploymentPostprocessing = 0;
		};
		FA48003428B379BB009FCC29 /* Frameworks */ = {
			isa = PBXFrameworksBuildPhase;
			buildActionMask = 2147483647;
			files = (
				26B4696628A6F147CC92481C /* Pods_AppLogictics_AppLogicticsUITests.framework in Frameworks */,
			);
			runOnlyForDeploymentPostprocessing = 0;
		};
/* End PBXFrameworksBuildPhase section */

/* Begin PBXGroup section */
		A4DCBDF766C7F87092AA2E3E /* Frameworks */ = {
			isa = PBXGroup;
			children = (
				399854DEBA3354B5E50A4F83 /* Pods_AppLogictics.framework */,
				374AA6C48D1424F3D79239C2 /* Pods_AppLogictics_AppLogicticsUITests.framework */,
				EDB93BA6900FD8E3F632C2F1 /* Pods_AppLogicticsTests.framework */,
			);
			name = Frameworks;
			sourceTree = "<group>";
		};
		AD35BAE4FFC8B5D74D79567E /* Pods */ = {
			isa = PBXGroup;
			children = (
				EB0ABD401A5CE1DE04D13550 /* Pods-AppLogictics.debug.xcconfig */,
				C51C83E704CE85532E72FF6D /* Pods-AppLogictics.release.xcconfig */,
				8DF0FF5890DE7CA20843F656 /* Pods-AppLogictics-AppLogicticsUITests.debug.xcconfig */,
				7508522630EF3F55BF3458F5 /* Pods-AppLogictics-AppLogicticsUITests.release.xcconfig */,
				A0B7E9529E262819D919386C /* Pods-AppLogicticsTests.debug.xcconfig */,
				EC7FCFBD52F25CDDC1AE62E0 /* Pods-AppLogicticsTests.release.xcconfig */,
			);
			name = Pods;
			path = Pods;
			sourceTree = "<group>";
		};
		FA48000E28B379B9009FCC29 = {
			isa = PBXGroup;
			children = (
				FA48001928B379B9009FCC29 /* AppLogictics */,
				FA48003028B379BB009FCC29 /* AppLogicticsTests */,
				FA48003A28B379BB009FCC29 /* AppLogicticsUITests */,
				FA48001828B379B9009FCC29 /* Products */,
				AD35BAE4FFC8B5D74D79567E /* Pods */,
				A4DCBDF766C7F87092AA2E3E /* Frameworks */,
			);
			sourceTree = "<group>";
		};
		FA48001828B379B9009FCC29 /* Products */ = {
			isa = PBXGroup;
			children = (
				FA48001728B379B9009FCC29 /* AppLogictics.app */,
				FA48002D28B379BB009FCC29 /* AppLogicticsTests.xctest */,
				FA48003728B379BB009FCC29 /* AppLogicticsUITests.xctest */,
			);
			name = Products;
			sourceTree = "<group>";
		};
		FA48001928B379B9009FCC29 /* AppLogictics */ = {
			isa = PBXGroup;
			children = (
				FA48001A28B379B9009FCC29 /* AppDelegate.swift */,
				FA48001C28B379B9009FCC29 /* SceneDelegate.swift */,
				FA48001E28B379B9009FCC29 /* ViewController.swift */,
				FA48002028B379B9009FCC29 /* Main.storyboard */,
				FA48002328B379BB009FCC29 /* Assets.xcassets */,
				FA48002528B379BB009FCC29 /* LaunchScreen.storyboard */,
				FA48002828B379BB009FCC29 /* Info.plist */,
			);
			path = AppLogictics;
			sourceTree = "<group>";
		};
		FA48003028B379BB009FCC29 /* AppLogicticsTests */ = {
			isa = PBXGroup;
			children = (
				FA48003128B379BB009FCC29 /* AppLogicticsTests.swift */,
			);
			path = AppLogicticsTests;
			sourceTree = "<group>";
		};
		FA48003A28B379BB009FCC29 /* AppLogicticsUITests */ = {
			isa = PBXGroup;
			children = (
				FA48003B28B379BB009FCC29 /* AppLogicticsUITests.swift */,
				FA48003D28B379BB009FCC29 /* AppLogicticsUITestsLaunchTests.swift */,
			);
			path = AppLogicticsUITests;
			sourceTree = "<group>";
		};
/* End PBXGroup section */

/* Begin PBXNativeTarget section */
		FA48001628B379B9009FCC29 /* AppLogictics */ = {
			isa = PBXNativeTarget;
			buildConfigurationList = FA48004128B379BB009FCC29 /* Build configuration list for PBXNativeTarget "AppLogictics" */;
			buildPhases = (
				F7F1F547B6EC2436BF6558F0 /* [CP] Check Pods Manifest.lock */,
				FA48001328B379B9009FCC29 /* Sources */,
				FA48001428B379B9009FCC29 /* Frameworks */,
				FA48001528B379B9009FCC29 /* Resources */,
				F4ADA6F02795D80B79446359 /* [CP] Embed Pods Frameworks */,
			);
			buildRules = (
			);
			dependencies = (
			);
			name = AppLogictics;
			productName = AppLogictics;
			productReference = FA48001728B379B9009FCC29 /* AppLogictics.app */;
			productType = "com.apple.product-type.application";
		};
		FA48002C28B379BB009FCC29 /* AppLogicticsTests */ = {
			isa = PBXNativeTarget;
			buildConfigurationList = FA48004428B379BB009FCC29 /* Build configuration list for PBXNativeTarget "AppLogicticsTests" */;
			buildPhases = (
				1936D0FDCAAFAF8944122927 /* [CP] Check Pods Manifest.lock */,
				FA48002928B379BB009FCC29 /* Sources */,
				FA48002A28B379BB009FCC29 /* Frameworks */,
				FA48002B28B379BB009FCC29 /* Resources */,
			);
			buildRules = (
			);
			dependencies = (
				FA48002F28B379BB009FCC29 /* PBXTargetDependency */,
			);
			name = AppLogicticsTests;
			productName = AppLogicticsTests;
			productReference = FA48002D28B379BB009FCC29 /* AppLogicticsTests.xctest */;
			productType = "com.apple.product-type.bundle.unit-test";
		};
		FA48003628B379BB009FCC29 /* AppLogicticsUITests */ = {
			isa = PBXNativeTarget;
			buildConfigurationList = FA48004728B379BB009FCC29 /* Build configuration list for PBXNativeTarget "AppLogicticsUITests" */;
			buildPhases = (
				B6F04C53689DED5042F0F495 /* [CP] Check Pods Manifest.lock */,
				FA48003328B379BB009FCC29 /* Sources */,
				FA48003428B379BB009FCC29 /* Frameworks */,
				FA48003528B379BB009FCC29 /* Resources */,
				3B0F66BB1CCA7E10F46CF265 /* [CP] Embed Pods Frameworks */,
			);
			buildRules = (
			);
			dependencies = (
				FA48003928B379BB009FCC29 /* PBXTargetDependency */,
			);
			name = AppLogicticsUITests;
			productName = AppLogicticsUITests;
			productReference = FA48003728B379BB009FCC29 /* AppLogicticsUITests.xctest */;
			productType = "com.apple.product-type.bundle.ui-testing";
		};
/* End PBXNativeTarget section */

/* Begin PBXProject section */
		FA48000F28B379B9009FCC29 /* Project object */ = {
			isa = PBXProject;
			attributes = {
				BuildIndependentTargetsInParallel = 1;
				LastSwiftUpdateCheck = 1340;
				LastUpgradeCheck = 1340;
				TargetAttributes = {
					FA48001628B379B9009FCC29 = {
						CreatedOnToolsVersion = 13.4.1;
					};
					FA48002C28B379BB009FCC29 = {
						CreatedOnToolsVersion = 13.4.1;
						TestTargetID = FA48001628B379B9009FCC29;
					};
					FA48003628B379BB009FCC29 = {
						CreatedOnToolsVersion = 13.4.1;
						TestTargetID = FA48001628B379B9009FCC29;
					};
				};
			};
			buildConfigurationList = FA48001228B379B9009FCC29 /* Build configuration list for PBXProject "AppLogictics" */;
			compatibilityVersion = "Xcode 13.0";
			developmentRegion = en;
			hasScannedForEncodings = 0;
			knownRegions = (
				en,
				Base,
			);
			mainGroup = FA48000E28B379B9009FCC29;
			productRefGroup = FA48001828B379B9009FCC29 /* Products */;
			projectDirPath = "";
			projectRoot = "";
			targets = (
				FA48001628B379B9009FCC29 /* AppLogictics */,
				FA48002C28B379BB009FCC29 /* AppLogicticsTests */,
				FA48003628B379BB009FCC29 /* AppLogicticsUITests */,
			);
		};
/* End PBXProject section */

/* Begin PBXResourcesBuildPhase section */
		FA48001528B379B9009FCC29 /* Resources */ = {
			isa = PBXResourcesBuildPhase;
			buildActionMask = 2147483647;
			files = (
				FA48002728B379BB009FCC29 /* LaunchScreen.storyboard in Resources */,
				FA48002428B379BB009FCC29 /* Assets.xcassets in Resources */,
				FA48002228B379B9009FCC29 /* Main.storyboard in Resources */,
			);
			runOnlyForDeploymentPostprocessing = 0;
		};
		FA48002B28B379BB009FCC29 /* Resources */ = {
			isa = PBXResourcesBuildPhase;
			buildActionMask = 2147483647;
			files = (
			);
			runOnlyForDeploymentPostprocessing = 0;
		};
		FA48003528B379BB009FCC29 /* Resources */ = {
			isa = PBXResourcesBuildPhase;
			buildActionMask = 2147483647;
			files = (
			);
			runOnlyForDeploymentPostprocessing = 0;
		};
/* End PBXResourcesBuildPhase section */

/* Begin PBXShellScriptBuildPhase section */
		1936D0FDCAAFAF8944122927 /* [CP] Check Pods Manifest.lock */ = {
			isa = PBXShellScriptBuildPhase;
			buildActionMask = 2147483647;
			files = (
			);
			inputFileListPaths = (
			);
			inputPaths = (
				"${PODS_PODFILE_DIR_PATH}/Podfile.lock",
				"${PODS_ROOT}/Manifest.lock",
			);
			name = "[CP] Check Pods Manifest.lock";
			outputFileListPaths = (
			);
			outputPaths = (
				"$(DERIVED_FILE_DIR)/Pods-AppLogicticsTests-checkManifestLockResult.txt",
			);
			runOnlyForDeploymentPostprocessing = 0;
			shellPath = /bin/sh;
			shellScript = "diff \"${PODS_PODFILE_DIR_PATH}/Podfile.lock\" \"${PODS_ROOT}/Manifest.lock\" > /dev/null\nif [ $? != 0 ] ; then\n    # print error to STDERR\n    echo \"error: The sandbox is not in sync with the Podfile.lock. Run 'pod install' or update your CocoaPods installation.\" >&2\n    exit 1\nfi\n# This output is used by Xcode 'outputs' to avoid re-running this script phase.\necho \"SUCCESS\" > \"${SCRIPT_OUTPUT_FILE_0}\"\n";
			showEnvVarsInLog = 0;
		};
		3B0F66BB1CCA7E10F46CF265 /* [CP] Embed Pods Frameworks */ = {
			isa = PBXShellScriptBuildPhase;
			buildActionMask = 2147483647;
			files = (
			);
			inputFileListPaths = (
				"${PODS_ROOT}/Target Support Files/Pods-AppLogictics-AppLogicticsUITests/Pods-AppLogictics-AppLogicticsUITests-frameworks-${CONFIGURATION}-input-files.xcfilelist",
			);
			name = "[CP] Embed Pods Frameworks";
			outputFileListPaths = (
				"${PODS_ROOT}/Target Support Files/Pods-AppLogictics-AppLogicticsUITests/Pods-AppLogictics-AppLogicticsUITests-frameworks-${CONFIGURATION}-output-files.xcfilelist",
			);
			runOnlyForDeploymentPostprocessing = 0;
			shellPath = /bin/sh;
			shellScript = "\"${PODS_ROOT}/Target Support Files/Pods-AppLogictics-AppLogicticsUITests/Pods-AppLogictics-AppLogicticsUITests-frameworks.sh\"\n";
			showEnvVarsInLog = 0;
		};
		B6F04C53689DED5042F0F495 /* [CP] Check Pods Manifest.lock */ = {
			isa = PBXShellScriptBuildPhase;
			buildActionMask = 2147483647;
			files = (
			);
			inputFileListPaths = (
			);
			inputPaths = (
				"${PODS_PODFILE_DIR_PATH}/Podfile.lock",
				"${PODS_ROOT}/Manifest.lock",
			);
			name = "[CP] Check Pods Manifest.lock";
			outputFileListPaths = (
			);
			outputPaths = (
				"$(DERIVED_FILE_DIR)/Pods-AppLogictics-AppLogicticsUITests-checkManifestLockResult.txt",
			);
			runOnlyForDeploymentPostprocessing = 0;
			shellPath = /bin/sh;
			shellScript = "diff \"${PODS_PODFILE_DIR_PATH}/Podfile.lock\" \"${PODS_ROOT}/Manifest.lock\" > /dev/null\nif [ $? != 0 ] ; then\n    # print error to STDERR\n    echo \"error: The sandbox is not in sync with the Podfile.lock. Run 'pod install' or update your CocoaPods installation.\" >&2\n    exit 1\nfi\n# This output is used by Xcode 'outputs' to avoid re-running this script phase.\necho \"SUCCESS\" > \"${SCRIPT_OUTPUT_FILE_0}\"\n";
			showEnvVarsInLog = 0;
		};
		F4ADA6F02795D80B79446359 /* [CP] Embed Pods Frameworks */ = {
			isa = PBXShellScriptBuildPhase;
			buildActionMask = 2147483647;
			files = (
			);
			inputFileListPaths = (
				"${PODS_ROOT}/Target Support Files/Pods-AppLogictics/Pods-AppLogictics-frameworks-${CONFIGURATION}-input-files.xcfilelist",
			);
			name = "[CP] Embed Pods Frameworks";
			outputFileListPaths = (
				"${PODS_ROOT}/Target Support Files/Pods-AppLogictics/Pods-AppLogictics-frameworks-${CONFIGURATION}-output-files.xcfilelist",
			);
			runOnlyForDeploymentPostprocessing = 0;
			shellPath = /bin/sh;
			shellScript = "\"${PODS_ROOT}/Target Support Files/Pods-AppLogictics/Pods-AppLogictics-frameworks.sh\"\n";
			showEnvVarsInLog = 0;
		};
		F7F1F547B6EC2436BF6558F0 /* [CP] Check Pods Manifest.lock */ = {
			isa = PBXShellScriptBuildPhase;
			buildActionMask = 2147483647;
			files = (
			);
			inputFileListPaths = (
			);
			inputPaths = (
				"${PODS_PODFILE_DIR_PATH}/Podfile.lock",
				"${PODS_ROOT}/Manifest.lock",
			);
			name = "[CP] Check Pods Manifest.lock";
			outputFileListPaths = (
			);
			outputPaths = (
				"$(DERIVED_FILE_DIR)/Pods-AppLogictics-checkManifestLockResult.txt",
			);
			runOnlyForDeploymentPostprocessing = 0;
			shellPath = /bin/sh;
			shellScript = "diff \"${PODS_PODFILE_DIR_PATH}/Podfile.lock\" \"${PODS_ROOT}/Manifest.lock\" > /dev/null\nif [ $? != 0 ] ; then\n    # print error to STDERR\n    echo \"error: The sandbox is not in sync with the Podfile.lock. Run 'pod install' or update your CocoaPods installation.\" >&2\n    exit 1\nfi\n# This output is used by Xcode 'outputs' to avoid re-running this script phase.\necho \"SUCCESS\" > \"${SCRIPT_OUTPUT_FILE_0}\"\n";
			showEnvVarsInLog = 0;
		};
/* End PBXShellScriptBuildPhase section */

/* Begin PBXSourcesBuildPhase section */
		FA48001328B379B9009FCC29 /* Sources */ = {
			isa = PBXSourcesBuildPhase;
			buildActionMask = 2147483647;
			files = (
				FA48001F28B379B9009FCC29 /* ViewController.swift in Sources */,
				FA48001B28B379B9009FCC29 /* AppDelegate.swift in Sources */,
				FA48001D28B379B9009FCC29 /* SceneDelegate.swift in Sources */,
			);
			runOnlyForDeploymentPostprocessing = 0;
		};
		FA48002928B379BB009FCC29 /* Sources */ = {
			isa = PBXSourcesBuildPhase;
			buildActionMask = 2147483647;
			files = (
				FA48003228B379BB009FCC29 /* AppLogicticsTests.swift in Sources */,
			);
			runOnlyForDeploymentPostprocessing = 0;
		};
		FA48003328B379BB009FCC29 /* Sources */ = {
			isa = PBXSourcesBuildPhase;
			buildActionMask = 2147483647;
			files = (
				FA48003E28B379BB009FCC29 /* AppLogicticsUITestsLaunchTests.swift in Sources */,
				FA48003C28B379BB009FCC29 /* AppLogicticsUITests.swift in Sources */,
			);
			runOnlyForDeploymentPostprocessing = 0;
		};
/* End PBXSourcesBuildPhase section */

/* Begin PBXTargetDependency section */
		FA48002F28B379BB009FCC29 /* PBXTargetDependency */ = {
			isa = PBXTargetDependency;
			target = FA48001628B379B9009FCC29 /* AppLogictics */;
			targetProxy = FA48002E28B379BB009FCC29 /* PBXContainerItemProxy */;
		};
		FA48003928B379BB009FCC29 /* PBXTargetDependency */ = {
			isa = PBXTargetDependency;
			target = FA48001628B379B9009FCC29 /* AppLogictics */;
			targetProxy = FA48003828B379BB009FCC29 /* PBXContainerItemProxy */;
		};
/* End PBXTargetDependency section */

/* Begin PBXVariantGroup section */
		FA48002028B379B9009FCC29 /* Main.storyboard */ = {
			isa = PBXVariantGroup;
			children = (
				FA48002128B379B9009FCC29 /* Base */,
			);
			name = Main.storyboard;
			sourceTree = "<group>";
		};
		FA48002528B379BB009FCC29 /* LaunchScreen.storyboard */ = {
			isa = PBXVariantGroup;
			children = (
				FA48002628B379BB009FCC29 /* Base */,
			);
			name = LaunchScreen.storyboard;
			sourceTree = "<group>";
		};
/* End PBXVariantGroup section */

/* Begin XCBuildConfiguration section */
		FA48003F28B379BB009FCC29 /* Debug */ = {
			isa = XCBuildConfiguration;
			buildSettings = {
				ALWAYS_SEARCH_USER_PATHS = NO;
				CLANG_ANALYZER_NONNULL = YES;
				CLANG_ANALYZER_NUMBER_OBJECT_CONVERSION = YES_AGGRESSIVE;
				CLANG_CXX_LANGUAGE_STANDARD = "gnu++17";
				CLANG_ENABLE_MODULES = YES;
				CLANG_ENABLE_OBJC_ARC = YES;
				CLANG_ENABLE_OBJC_WEAK = YES;
				CLANG_WARN_BLOCK_CAPTURE_AUTORELEASING = YES;
				CLANG_WARN_BOOL_CONVERSION = YES;
				CLANG_WARN_COMMA = YES;
				CLANG_WARN_CONSTANT_CONVERSION = YES;
				CLANG_WARN_DEPRECATED_OBJC_IMPLEMENTATIONS = YES;
				CLANG_WARN_DIRECT_OBJC_ISA_USAGE = YES_ERROR;
				CLANG_WARN_DOCUMENTATION_COMMENTS = YES;
				CLANG_WARN_EMPTY_BODY = YES;
				CLANG_WARN_ENUM_CONVERSION = YES;
				CLANG_WARN_INFINITE_RECURSION = YES;
				CLANG_WARN_INT_CONVERSION = YES;
				CLANG_WARN_NON_LITERAL_NULL_CONVERSION = YES;
				CLANG_WARN_OBJC_IMPLICIT_RETAIN_SELF = YES;
				CLANG_WARN_OBJC_LITERAL_CONVERSION = YES;
				CLANG_WARN_OBJC_ROOT_CLASS = YES_ERROR;
				CLANG_WARN_QUOTED_INCLUDE_IN_FRAMEWORK_HEADER = YES;
				CLANG_WARN_RANGE_LOOP_ANALYSIS = YES;
				CLANG_WARN_STRICT_PROTOTYPES = YES;
				CLANG_WARN_SUSPICIOUS_MOVE = YES;
				CLANG_WARN_UNGUARDED_AVAILABILITY = YES_AGGRESSIVE;
				CLANG_WARN_UNREACHABLE_CODE = YES;
				CLANG_WARN__DUPLICATE_METHOD_MATCH = YES;
				COPY_PHASE_STRIP = NO;
				DEBUG_INFORMATION_FORMAT = dwarf;
				ENABLE_STRICT_OBJC_MSGSEND = YES;
				ENABLE_TESTABILITY = YES;
				GCC_C_LANGUAGE_STANDARD = gnu11;
				GCC_DYNAMIC_NO_PIC = NO;
				GCC_NO_COMMON_BLOCKS = YES;
				GCC_OPTIMIZATION_LEVEL = 0;
				GCC_PREPROCESSOR_DEFINITIONS = (
					"DEBUG=1",
					"$(inherited)",
				);
				GCC_WARN_64_TO_32_BIT_CONVERSION = YES;
				GCC_WARN_ABOUT_RETURN_TYPE = YES_ERROR;
				GCC_WARN_UNDECLARED_SELECTOR = YES;
				GCC_WARN_UNINITIALIZED_AUTOS = YES_AGGRESSIVE;
				GCC_WARN_UNUSED_FUNCTION = YES;
				GCC_WARN_UNUSED_VARIABLE = YES;
				IPHONEOS_DEPLOYMENT_TARGET = 15.5;
				MTL_ENABLE_DEBUG_INFO = INCLUDE_SOURCE;
				MTL_FAST_MATH = YES;
				ONLY_ACTIVE_ARCH = YES;
				SDKROOT = iphoneos;
				SWIFT_ACTIVE_COMPILATION_CONDITIONS = DEBUG;
				SWIFT_OPTIMIZATION_LEVEL = "-Onone";
			};
			name = Debug;
		};
		FA48004028B379BB009FCC29 /* Release */ = {
			isa = XCBuildConfiguration;
			buildSettings = {
				ALWAYS_SEARCH_USER_PATHS = NO;
				CLANG_ANALYZER_NONNULL = YES;
				CLANG_ANALYZER_NUMBER_OBJECT_CONVERSION = YES_AGGRESSIVE;
				CLANG_CXX_LANGUAGE_STANDARD = "gnu++17";
				CLANG_ENABLE_MODULES = YES;
				CLANG_ENABLE_OBJC_ARC = YES;
				CLANG_ENABLE_OBJC_WEAK = YES;
				CLANG_WARN_BLOCK_CAPTURE_AUTORELEASING = YES;
				CLANG_WARN_BOOL_CONVERSION = YES;
				CLANG_WARN_COMMA = YES;
				CLANG_WARN_CONSTANT_CONVERSION = YES;
				CLANG_WARN_DEPRECATED_OBJC_IMPLEMENTATIONS = YES;
				CLANG_WARN_DIRECT_OBJC_ISA_USAGE = YES_ERROR;
				CLANG_WARN_DOCUMENTATION_COMMENTS = YES;
				CLANG_WARN_EMPTY_BODY = YES;
				CLANG_WARN_ENUM_CONVERSION = YES;
				CLANG_WARN_INFINITE_RECURSION = YES;
				CLANG_WARN_INT_CONVERSION = YES;
				CLANG_WARN_NON_LITERAL_NULL_CONVERSION = YES;
				CLANG_WARN_OBJC_IMPLICIT_RETAIN_SELF = YES;
				CLANG_WARN_OBJC_LITERAL_CONVERSION = YES;
				CLANG_WARN_OBJC_ROOT_CLASS = YES_ERROR;
				CLANG_WARN_QUOTED_INCLUDE_IN_FRAMEWORK_HEADER = YES;
				CLANG_WARN_RANGE_LOOP_ANALYSIS = YES;
				CLANG_WARN_STRICT_PROTOTYPES = YES;
				CLANG_WARN_SUSPICIOUS_MOVE = YES;
				CLANG_WARN_UNGUARDED_AVAILABILITY = YES_AGGRESSIVE;
				CLANG_WARN_UNREACHABLE_CODE = YES;
				CLANG_WARN__DUPLICATE_METHOD_MATCH = YES;
				COPY_PHASE_STRIP = NO;
				DEBUG_INFORMATION_FORMAT = "dwarf-with-dsym";
				ENABLE_NS_ASSERTIONS = NO;
				ENABLE_STRICT_OBJC_MSGSEND = YES;
				GCC_C_LANGUAGE_STANDARD = gnu11;
				GCC_NO_COMMON_BLOCKS = YES;
				GCC_WARN_64_TO_32_BIT_CONVERSION = YES;
				GCC_WARN_ABOUT_RETURN_TYPE = YES_ERROR;
				GCC_WARN_UNDECLARED_SELECTOR = YES;
				GCC_WARN_UNINITIALIZED_AUTOS = YES_AGGRESSIVE;
				GCC_WARN_UNUSED_FUNCTION = YES;
				GCC_WARN_UNUSED_VARIABLE = YES;
				IPHONEOS_DEPLOYMENT_TARGET = 15.5;
				MTL_ENABLE_DEBUG_INFO = NO;
				MTL_FAST_MATH = YES;
				SDKROOT = iphoneos;
				SWIFT_COMPILATION_MODE = wholemodule;
				SWIFT_OPTIMIZATION_LEVEL = "-O";
				VALIDATE_PRODUCT = YES;
			};
			name = Release;
		};
		FA48004228B379BB009FCC29 /* Debug */ = {
			isa = XCBuildConfiguration;
			baseConfigurationReference = EB0ABD401A5CE1DE04D13550 /* Pods-AppLogictics.debug.xcconfig */;
			buildSettings = {
				ASSETCATALOG_COMPILER_APPICON_NAME = AppIcon;
				ASSETCATALOG_COMPILER_GLOBAL_ACCENT_COLOR_NAME = AccentColor;
				CODE_SIGN_STYLE = Automatic;
				CURRENT_PROJECT_VERSION = 1;
				DEVELOPMENT_TEAM = 4LW34R6CMB;
				GENERATE_INFOPLIST_FILE = YES;
				INFOPLIST_FILE = AppLogictics/Info.plist;
				INFOPLIST_KEY_UIApplicationSupportsIndirectInputEvents = YES;
				INFOPLIST_KEY_UILaunchStoryboardName = LaunchScreen;
				INFOPLIST_KEY_UIMainStoryboardFile = Main;
				INFOPLIST_KEY_UISupportedInterfaceOrientations_iPad = "UIInterfaceOrientationPortrait UIInterfaceOrientationPortraitUpsideDown UIInterfaceOrientationLandscapeLeft UIInterfaceOrientationLandscapeRight";
				INFOPLIST_KEY_UISupportedInterfaceOrientations_iPhone = "UIInterfaceOrientationPortrait UIInterfaceOrientationLandscapeLeft UIInterfaceOrientationLandscapeRight";
				IPHONEOS_DEPLOYMENT_TARGET = 15.0;
				LD_RUNPATH_SEARCH_PATHS = (
					"$(inherited)",
					"@executable_path/Frameworks",
				);
				MARKETING_VERSION = 1.0;
				PRODUCT_BUNDLE_IDENTIFIER = cuongdd.ios.AppLogictics;
				PRODUCT_NAME = "$(TARGET_NAME)";
				SWIFT_EMIT_LOC_STRINGS = YES;
				SWIFT_VERSION = 5.0;
				TARGETED_DEVICE_FAMILY = "1,2";
			};
			name = Debug;
		};
		FA48004328B379BB009FCC29 /* Release */ = {
			isa = XCBuildConfiguration;
			baseConfigurationReference = C51C83E704CE85532E72FF6D /* Pods-AppLogictics.release.xcconfig */;
			buildSettings = {
				ASSETCATALOG_COMPILER_APPICON_NAME = AppIcon;
				ASSETCATALOG_COMPILER_GLOBAL_ACCENT_COLOR_NAME = AccentColor;
				CODE_SIGN_STYLE = Automatic;
				CURRENT_PROJECT_VERSION = 1;
				DEVELOPMENT_TEAM = 4LW34R6CMB;
				GENERATE_INFOPLIST_FILE = YES;
				INFOPLIST_FILE = AppLogictics/Info.plist;
				INFOPLIST_KEY_UIApplicationSupportsIndirectInputEvents = YES;
				INFOPLIST_KEY_UILaunchStoryboardName = LaunchScreen;
				INFOPLIST_KEY_UIMainStoryboardFile = Main;
				INFOPLIST_KEY_UISupportedInterfaceOrientations_iPad = "UIInterfaceOrientationPortrait UIInterfaceOrientationPortraitUpsideDown UIInterfaceOrientationLandscapeLeft UIInterfaceOrientationLandscapeRight";
				INFOPLIST_KEY_UISupportedInterfaceOrientations_iPhone = "UIInterfaceOrientationPortrait UIInterfaceOrientationLandscapeLeft UIInterfaceOrientationLandscapeRight";
				IPHONEOS_DEPLOYMENT_TARGET = 15.0;
				LD_RUNPATH_SEARCH_PATHS = (
					"$(inherited)",
					"@executable_path/Frameworks",
				);
				MARKETING_VERSION = 1.0;
				PRODUCT_BUNDLE_IDENTIFIER = cuongdd.ios.AppLogictics;
				PRODUCT_NAME = "$(TARGET_NAME)";
				SWIFT_EMIT_LOC_STRINGS = YES;
				SWIFT_VERSION = 5.0;
				TARGETED_DEVICE_FAMILY = "1,2";
			};
			name = Release;
		};
		FA48004528B379BB009FCC29 /* Debug */ = {
			isa = XCBuildConfiguration;
			baseConfigurationReference = A0B7E9529E262819D919386C /* Pods-AppLogicticsTests.debug.xcconfig */;
			buildSettings = {
				ALWAYS_EMBED_SWIFT_STANDARD_LIBRARIES = YES;
				BUNDLE_LOADER = "$(TEST_HOST)";
				CODE_SIGN_STYLE = Automatic;
				CURRENT_PROJECT_VERSION = 1;
				GENERATE_INFOPLIST_FILE = YES;
				IPHONEOS_DEPLOYMENT_TARGET = 15.5;
				MARKETING_VERSION = 1.0;
				PRODUCT_BUNDLE_IDENTIFIER = cuongdd.ios.AppLogicticsTests;
				PRODUCT_NAME = "$(TARGET_NAME)";
				SWIFT_EMIT_LOC_STRINGS = NO;
				SWIFT_VERSION = 5.0;
				TARGETED_DEVICE_FAMILY = "1,2";
				TEST_HOST = "$(BUILT_PRODUCTS_DIR)/AppLogictics.app/AppLogictics";
			};
			name = Debug;
		};
		FA48004628B379BB009FCC29 /* Release */ = {
			isa = XCBuildConfiguration;
			baseConfigurationReference = EC7FCFBD52F25CDDC1AE62E0 /* Pods-AppLogicticsTests.release.xcconfig */;
			buildSettings = {
				ALWAYS_EMBED_SWIFT_STANDARD_LIBRARIES = YES;
				BUNDLE_LOADER = "$(TEST_HOST)";
				CODE_SIGN_STYLE = Automatic;
				CURRENT_PROJECT_VERSION = 1;
				GENERATE_INFOPLIST_FILE = YES;
				IPHONEOS_DEPLOYMENT_TARGET = 15.5;
				MARKETING_VERSION = 1.0;
				PRODUCT_BUNDLE_IDENTIFIER = cuongdd.ios.AppLogicticsTests;
				PRODUCT_NAME = "$(TARGET_NAME)";
				SWIFT_EMIT_LOC_STRINGS = NO;
				SWIFT_VERSION = 5.0;
				TARGETED_DEVICE_FAMILY = "1,2";
				TEST_HOST = "$(BUILT_PRODUCTS_DIR)/AppLogictics.app/AppLogictics";
			};
			name = Release;
		};
		FA48004828B379BB009FCC29 /* Debug */ = {
			isa = XCBuildConfiguration;
			baseConfigurationReference = 8DF0FF5890DE7CA20843F656 /* Pods-AppLogictics-AppLogicticsUITests.debug.xcconfig */;
			buildSettings = {
				ALWAYS_EMBED_SWIFT_STANDARD_LIBRARIES = YES;
				CODE_SIGN_STYLE = Automatic;
				CURRENT_PROJECT_VERSION = 1;
				GENERATE_INFOPLIST_FILE = YES;
				MARKETING_VERSION = 1.0;
				PRODUCT_BUNDLE_IDENTIFIER = cuongdd.ios.AppLogicticsUITests;
				PRODUCT_NAME = "$(TARGET_NAME)";
				SWIFT_EMIT_LOC_STRINGS = NO;
				SWIFT_VERSION = 5.0;
				TARGETED_DEVICE_FAMILY = "1,2";
				TEST_TARGET_NAME = AppLogictics;
			};
			name = Debug;
		};
		FA48004928B379BB009FCC29 /* Release */ = {
			isa = XCBuildConfiguration;
			baseConfigurationReference = 7508522630EF3F55BF3458F5 /* Pods-AppLogictics-AppLogicticsUITests.release.xcconfig */;
			buildSettings = {
				ALWAYS_EMBED_SWIFT_STANDARD_LIBRARIES = YES;
				CODE_SIGN_STYLE = Automatic;
				CURRENT_PROJECT_VERSION = 1;
				GENERATE_INFOPLIST_FILE = YES;
				MARKETING_VERSION = 1.0;
				PRODUCT_BUNDLE_IDENTIFIER = cuongdd.ios.AppLogicticsUITests;
				PRODUCT_NAME = "$(TARGET_NAME)";
				SWIFT_EMIT_LOC_STRINGS = NO;
				SWIFT_VERSION = 5.0;
				TARGETED_DEVICE_FAMILY = "1,2";
				TEST_TARGET_NAME = AppLogictics;
			};
			name = Release;
		};
/* End XCBuildConfiguration section */

/* Begin XCConfigurationList section */
		FA48001228B379B9009FCC29 /* Build configuration list for PBXProject "AppLogictics" */ = {
			isa = XCConfigurationList;
			buildConfigurations = (
				FA48003F28B379BB009FCC29 /* Debug */,
				FA48004028B379BB009FCC29 /* Release */,
			);
			defaultConfigurationIsVisible = 0;
			defaultConfigurationName = Release;
		};
		FA48004128B379BB009FCC29 /* Build configuration list for PBXNativeTarget "AppLogictics" */ = {
			isa = XCConfigurationList;
			buildConfigurations = (
				FA48004228B379BB009FCC29 /* Debug */,
				FA48004328B379BB009FCC29 /* Release */,
			);
			defaultConfigurationIsVisible = 0;
			defaultConfigurationName = Release;
		};
		FA48004428B379BB009FCC29 /* Build configuration list for PBXNativeTarget "AppLogicticsTests" */ = {
			isa = XCConfigurationList;
			buildConfigurations = (
				FA48004528B379BB009FCC29 /* Debug */,
				FA48004628B379BB009FCC29 /* Release */,
			);
			defaultConfigurationIsVisible = 0;
			defaultConfigurationName = Release;
		};
		FA48004728B379BB009FCC29 /* Build configuration list for PBXNativeTarget "AppLogicticsUITests" */ = {
			isa = XCConfigurationList;
			buildConfigurations = (
				FA48004828B379BB009FCC29 /* Debug */,
				FA48004928B379BB009FCC29 /* Release */,
			);
			defaultConfigurationIsVisible = 0;
			defaultConfigurationName = Release;
		};
/* End XCConfigurationList section */
	};
	rootObject = FA48000F28B379B9009FCC29 /* Project object */;
}
